// !$*UTF8*$!
{
	archiveVersion = 1;
	classes = {
	};
	objectVersion = 56;
	objects = {

/* Begin PBXBuildFile section */
		9A6DB3072A0E01E100FD2BAD /* AppDI.swift in Sources */ = {isa = PBXBuildFile; fileRef = 9A6DB3062A0E01E100FD2BAD /* AppDI.swift */; };
		9A6DB3092A0E01F500FD2BAD /* AppEnvironment.swift in Sources */ = {isa = PBXBuildFile; fileRef = 9A6DB3082A0E01F500FD2BAD /* AppEnvironment.swift */; };
		9A6DB30B2A0E02A900FD2BAD /* MoviesListDI.swift in Sources */ = {isa = PBXBuildFile; fileRef = 9A6DB30A2A0E02A900FD2BAD /* MoviesListDI.swift */; };
		9A6DB30E2A0E047A00FD2BAD /* MoviesDBData in Frameworks */ = {isa = PBXBuildFile; productRef = 9A6DB30D2A0E047A00FD2BAD /* MoviesDBData */; };
		9A6DB3102A0E047A00FD2BAD /* MoviesDBDomain in Frameworks */ = {isa = PBXBuildFile; productRef = 9A6DB30F2A0E047A00FD2BAD /* MoviesDBDomain */; };
		9A6DB3122A0E047A00FD2BAD /* MoviesDBPresentation in Frameworks */ = {isa = PBXBuildFile; productRef = 9A6DB3112A0E047A00FD2BAD /* MoviesDBPresentation */; };
		9A8E6ABC2A0A17A400A5BA27 /* MoviesDBApp.swift in Sources */ = {isa = PBXBuildFile; fileRef = 9A8E6ABB2A0A17A400A5BA27 /* MoviesDBApp.swift */; };
		9A8E6ABE2A0A17A400A5BA27 /* ContentView.swift in Sources */ = {isa = PBXBuildFile; fileRef = 9A8E6ABD2A0A17A400A5BA27 /* ContentView.swift */; };
		9A8E6AC02A0A17A500A5BA27 /* Assets.xcassets in Resources */ = {isa = PBXBuildFile; fileRef = 9A8E6ABF2A0A17A500A5BA27 /* Assets.xcassets */; };
		9A8E6AC32A0A17A500A5BA27 /* Preview Assets.xcassets in Resources */ = {isa = PBXBuildFile; fileRef = 9A8E6AC22A0A17A500A5BA27 /* Preview Assets.xcassets */; };
		9A8E6ACD2A0A17A500A5BA27 /* MoviesDBTests.swift in Sources */ = {isa = PBXBuildFile; fileRef = 9A8E6ACC2A0A17A500A5BA27 /* MoviesDBTests.swift */; };
		9A8E6AD72A0A17A600A5BA27 /* MoviesDBUITests.swift in Sources */ = {isa = PBXBuildFile; fileRef = 9A8E6AD62A0A17A600A5BA27 /* MoviesDBUITests.swift */; };
		9A8E6AD92A0A17A600A5BA27 /* MoviesDBUITestsLaunchTests.swift in Sources */ = {isa = PBXBuildFile; fileRef = 9A8E6AD82A0A17A600A5BA27 /* MoviesDBUITestsLaunchTests.swift */; };
/* End PBXBuildFile section */

/* Begin PBXContainerItemProxy section */
		9A8E6AC92A0A17A500A5BA27 /* PBXContainerItemProxy */ = {
			isa = PBXContainerItemProxy;
			containerPortal = 9A8E6AB02A0A17A400A5BA27 /* Project object */;
			proxyType = 1;
			remoteGlobalIDString = 9A8E6AB72A0A17A400A5BA27;
			remoteInfo = MoviesDB;
		};
		9A8E6AD32A0A17A500A5BA27 /* PBXContainerItemProxy */ = {
			isa = PBXContainerItemProxy;
			containerPortal = 9A8E6AB02A0A17A400A5BA27 /* Project object */;
			proxyType = 1;
			remoteGlobalIDString = 9A8E6AB72A0A17A400A5BA27;
			remoteInfo = MoviesDB;
		};
/* End PBXContainerItemProxy section */

/* Begin PBXFileReference section */
		9A6DB3062A0E01E100FD2BAD /* AppDI.swift */ = {isa = PBXFileReference; lastKnownFileType = sourcecode.swift; path = AppDI.swift; sourceTree = "<group>"; };
		9A6DB3082A0E01F500FD2BAD /* AppEnvironment.swift */ = {isa = PBXFileReference; lastKnownFileType = sourcecode.swift; path = AppEnvironment.swift; sourceTree = "<group>"; };
		9A6DB30A2A0E02A900FD2BAD /* MoviesListDI.swift */ = {isa = PBXFileReference; lastKnownFileType = sourcecode.swift; path = MoviesListDI.swift; sourceTree = "<group>"; };
		9A6DB3132A0E05A800FD2BAD /* Info.plist */ = {isa = PBXFileReference; lastKnownFileType = text.plist.xml; path = Info.plist; sourceTree = "<group>"; };
		9A8E6AB82A0A17A400A5BA27 /* MoviesDB.app */ = {isa = PBXFileReference; explicitFileType = wrapper.application; includeInIndex = 0; path = MoviesDB.app; sourceTree = BUILT_PRODUCTS_DIR; };
		9A8E6ABB2A0A17A400A5BA27 /* MoviesDBApp.swift */ = {isa = PBXFileReference; lastKnownFileType = sourcecode.swift; path = MoviesDBApp.swift; sourceTree = "<group>"; };
		9A8E6ABD2A0A17A400A5BA27 /* ContentView.swift */ = {isa = PBXFileReference; lastKnownFileType = sourcecode.swift; path = ContentView.swift; sourceTree = "<group>"; };
		9A8E6ABF2A0A17A500A5BA27 /* Assets.xcassets */ = {isa = PBXFileReference; lastKnownFileType = folder.assetcatalog; path = Assets.xcassets; sourceTree = "<group>"; };
		9A8E6AC22A0A17A500A5BA27 /* Preview Assets.xcassets */ = {isa = PBXFileReference; lastKnownFileType = folder.assetcatalog; path = "Preview Assets.xcassets"; sourceTree = "<group>"; };
		9A8E6AC82A0A17A500A5BA27 /* MoviesDBTests.xctest */ = {isa = PBXFileReference; explicitFileType = wrapper.cfbundle; includeInIndex = 0; path = MoviesDBTests.xctest; sourceTree = BUILT_PRODUCTS_DIR; };
		9A8E6ACC2A0A17A500A5BA27 /* MoviesDBTests.swift */ = {isa = PBXFileReference; lastKnownFileType = sourcecode.swift; path = MoviesDBTests.swift; sourceTree = "<group>"; };
		9A8E6AD22A0A17A500A5BA27 /* MoviesDBUITests.xctest */ = {isa = PBXFileReference; explicitFileType = wrapper.cfbundle; includeInIndex = 0; path = MoviesDBUITests.xctest; sourceTree = BUILT_PRODUCTS_DIR; };
		9A8E6AD62A0A17A600A5BA27 /* MoviesDBUITests.swift */ = {isa = PBXFileReference; lastKnownFileType = sourcecode.swift; path = MoviesDBUITests.swift; sourceTree = "<group>"; };
		9A8E6AD82A0A17A600A5BA27 /* MoviesDBUITestsLaunchTests.swift */ = {isa = PBXFileReference; lastKnownFileType = sourcecode.swift; path = MoviesDBUITestsLaunchTests.swift; sourceTree = "<group>"; };
		9A8E6AE62A0A17CF00A5BA27 /* MoviesDBCore */ = {isa = PBXFileReference; lastKnownFileType = wrapper; path = MoviesDBCore; sourceTree = "<group>"; };
/* End PBXFileReference section */

/* Begin PBXFrameworksBuildPhase section */
		9A8E6AB52A0A17A400A5BA27 /* Frameworks */ = {
			isa = PBXFrameworksBuildPhase;
			buildActionMask = 2147483647;
			files = (
				9A6DB30E2A0E047A00FD2BAD /* MoviesDBData in Frameworks */,
				9A6DB3102A0E047A00FD2BAD /* MoviesDBDomain in Frameworks */,
				9A6DB3122A0E047A00FD2BAD /* MoviesDBPresentation in Frameworks */,
			);
			runOnlyForDeploymentPostprocessing = 0;
		};
		9A8E6AC52A0A17A500A5BA27 /* Frameworks */ = {
			isa = PBXFrameworksBuildPhase;
			buildActionMask = 2147483647;
			files = (
			);
			runOnlyForDeploymentPostprocessing = 0;
		};
		9A8E6ACF2A0A17A500A5BA27 /* Frameworks */ = {
			isa = PBXFrameworksBuildPhase;
			buildActionMask = 2147483647;
			files = (
			);
			runOnlyForDeploymentPostprocessing = 0;
		};
/* End PBXFrameworksBuildPhase section */

/* Begin PBXGroup section */
		9A6DB3022A0E012400FD2BAD /* AppDI */ = {
			isa = PBXGroup;
			children = (
				9A6DB3062A0E01E100FD2BAD /* AppDI.swift */,
				9A6DB30A2A0E02A900FD2BAD /* MoviesListDI.swift */,
			);
			path = AppDI;
			sourceTree = "<group>";
		};
		9A6DB3032A0E019200FD2BAD /* AppEnvironment */ = {
			isa = PBXGroup;
			children = (
				9A6DB3082A0E01F500FD2BAD /* AppEnvironment.swift */,
			);
			path = AppEnvironment;
			sourceTree = "<group>";
		};
		9A6DB3042A0E019C00FD2BAD /* Resources */ = {
			isa = PBXGroup;
			children = (
				9A8E6ABF2A0A17A500A5BA27 /* Assets.xcassets */,
				9A8E6AC12A0A17A500A5BA27 /* Preview Content */,
			);
			path = Resources;
			sourceTree = "<group>";
		};
		9A6DB3052A0E01B000FD2BAD /* AppFiles */ = {
			isa = PBXGroup;
			children = (
				9A6DB3132A0E05A800FD2BAD /* Info.plist */,
				9A8E6ABB2A0A17A400A5BA27 /* MoviesDBApp.swift */,
				9A8E6ABD2A0A17A400A5BA27 /* ContentView.swift */,
			);
			path = AppFiles;
			sourceTree = "<group>";
		};
		9A6DB30C2A0E047A00FD2BAD /* Frameworks */ = {
			isa = PBXGroup;
			children = (
			);
			name = Frameworks;
			sourceTree = "<group>";
		};
		9A8E6AAF2A0A17A400A5BA27 = {
			isa = PBXGroup;
			children = (
				9A8E6AE62A0A17CF00A5BA27 /* MoviesDBCore */,
				9A8E6ABA2A0A17A400A5BA27 /* MoviesDB */,
				9A8E6ACB2A0A17A500A5BA27 /* MoviesDBTests */,
				9A8E6AD52A0A17A600A5BA27 /* MoviesDBUITests */,
				9A8E6AB92A0A17A400A5BA27 /* Products */,
				9A6DB30C2A0E047A00FD2BAD /* Frameworks */,
			);
			sourceTree = "<group>";
		};
		9A8E6AB92A0A17A400A5BA27 /* Products */ = {
			isa = PBXGroup;
			children = (
				9A8E6AB82A0A17A400A5BA27 /* MoviesDB.app */,
				9A8E6AC82A0A17A500A5BA27 /* MoviesDBTests.xctest */,
				9A8E6AD22A0A17A500A5BA27 /* MoviesDBUITests.xctest */,
			);
			name = Products;
			sourceTree = "<group>";
		};
		9A8E6ABA2A0A17A400A5BA27 /* MoviesDB */ = {
			isa = PBXGroup;
			children = (
				9A6DB3052A0E01B000FD2BAD /* AppFiles */,
				9A6DB3042A0E019C00FD2BAD /* Resources */,
				9A6DB3032A0E019200FD2BAD /* AppEnvironment */,
				9A6DB3022A0E012400FD2BAD /* AppDI */,
			);
			path = MoviesDB;
			sourceTree = "<group>";
		};
		9A8E6AC12A0A17A500A5BA27 /* Preview Content */ = {
			isa = PBXGroup;
			children = (
				9A8E6AC22A0A17A500A5BA27 /* Preview Assets.xcassets */,
			);
			path = "Preview Content";
			sourceTree = "<group>";
		};
		9A8E6ACB2A0A17A500A5BA27 /* MoviesDBTests */ = {
			isa = PBXGroup;
			children = (
				9A8E6ACC2A0A17A500A5BA27 /* MoviesDBTests.swift */,
			);
			path = MoviesDBTests;
			sourceTree = "<group>";
		};
		9A8E6AD52A0A17A600A5BA27 /* MoviesDBUITests */ = {
			isa = PBXGroup;
			children = (
				9A8E6AD62A0A17A600A5BA27 /* MoviesDBUITests.swift */,
				9A8E6AD82A0A17A600A5BA27 /* MoviesDBUITestsLaunchTests.swift */,
			);
			path = MoviesDBUITests;
			sourceTree = "<group>";
		};
/* End PBXGroup section */

/* Begin PBXNativeTarget section */
		9A8E6AB72A0A17A400A5BA27 /* MoviesDB */ = {
			isa = PBXNativeTarget;
			buildConfigurationList = 9A8E6ADC2A0A17A600A5BA27 /* Build configuration list for PBXNativeTarget "MoviesDB" */;
			buildPhases = (
				9A8E6AB42A0A17A400A5BA27 /* Sources */,
				9A8E6AB52A0A17A400A5BA27 /* Frameworks */,
				9A8E6AB62A0A17A400A5BA27 /* Resources */,
			);
			buildRules = (
			);
			dependencies = (
			);
			name = MoviesDB;
			packageProductDependencies = (
				9A6DB30D2A0E047A00FD2BAD /* MoviesDBData */,
				9A6DB30F2A0E047A00FD2BAD /* MoviesDBDomain */,
				9A6DB3112A0E047A00FD2BAD /* MoviesDBPresentation */,
			);
			productName = MoviesDB;
			productReference = 9A8E6AB82A0A17A400A5BA27 /* MoviesDB.app */;
			productType = "com.apple.product-type.application";
		};
		9A8E6AC72A0A17A500A5BA27 /* MoviesDBTests */ = {
			isa = PBXNativeTarget;
			buildConfigurationList = 9A8E6ADF2A0A17A600A5BA27 /* Build configuration list for PBXNativeTarget "MoviesDBTests" */;
			buildPhases = (
				9A8E6AC42A0A17A500A5BA27 /* Sources */,
				9A8E6AC52A0A17A500A5BA27 /* Frameworks */,
				9A8E6AC62A0A17A500A5BA27 /* Resources */,
			);
			buildRules = (
			);
			dependencies = (
				9A8E6ACA2A0A17A500A5BA27 /* PBXTargetDependency */,
			);
			name = MoviesDBTests;
			productName = MoviesDBTests;
			productReference = 9A8E6AC82A0A17A500A5BA27 /* MoviesDBTests.xctest */;
			productType = "com.apple.product-type.bundle.unit-test";
		};
		9A8E6AD12A0A17A500A5BA27 /* MoviesDBUITests */ = {
			isa = PBXNativeTarget;
			buildConfigurationList = 9A8E6AE22A0A17A600A5BA27 /* Build configuration list for PBXNativeTarget "MoviesDBUITests" */;
			buildPhases = (
				9A8E6ACE2A0A17A500A5BA27 /* Sources */,
				9A8E6ACF2A0A17A500A5BA27 /* Frameworks */,
				9A8E6AD02A0A17A500A5BA27 /* Resources */,
			);
			buildRules = (
			);
			dependencies = (
				9A8E6AD42A0A17A500A5BA27 /* PBXTargetDependency */,
			);
			name = MoviesDBUITests;
			productName = MoviesDBUITests;
			productReference = 9A8E6AD22A0A17A500A5BA27 /* MoviesDBUITests.xctest */;
			productType = "com.apple.product-type.bundle.ui-testing";
		};
/* End PBXNativeTarget section */

/* Begin PBXProject section */
		9A8E6AB02A0A17A400A5BA27 /* Project object */ = {
			isa = PBXProject;
			attributes = {
				BuildIndependentTargetsInParallel = 1;
				LastSwiftUpdateCheck = 1420;
				LastUpgradeCheck = 1420;
				TargetAttributes = {
					9A8E6AB72A0A17A400A5BA27 = {
						CreatedOnToolsVersion = 14.2;
					};
					9A8E6AC72A0A17A500A5BA27 = {
						CreatedOnToolsVersion = 14.2;
						TestTargetID = 9A8E6AB72A0A17A400A5BA27;
					};
					9A8E6AD12A0A17A500A5BA27 = {
						CreatedOnToolsVersion = 14.2;
						TestTargetID = 9A8E6AB72A0A17A400A5BA27;
					};
				};
			};
			buildConfigurationList = 9A8E6AB32A0A17A400A5BA27 /* Build configuration list for PBXProject "MoviesDB" */;
			compatibilityVersion = "Xcode 14.0";
			developmentRegion = en;
			hasScannedForEncodings = 0;
			knownRegions = (
				en,
				Base,
			);
			mainGroup = 9A8E6AAF2A0A17A400A5BA27;
			productRefGroup = 9A8E6AB92A0A17A400A5BA27 /* Products */;
			projectDirPath = "";
			projectRoot = "";
			targets = (
				9A8E6AB72A0A17A400A5BA27 /* MoviesDB */,
				9A8E6AC72A0A17A500A5BA27 /* MoviesDBTests */,
				9A8E6AD12A0A17A500A5BA27 /* MoviesDBUITests */,
			);
		};
/* End PBXProject section */

/* Begin PBXResourcesBuildPhase section */
		9A8E6AB62A0A17A400A5BA27 /* Resources */ = {
			isa = PBXResourcesBuildPhase;
			buildActionMask = 2147483647;
			files = (
				9A8E6AC32A0A17A500A5BA27 /* Preview Assets.xcassets in Resources */,
				9A8E6AC02A0A17A500A5BA27 /* Assets.xcassets in Resources */,
			);
			runOnlyForDeploymentPostprocessing = 0;
		};
		9A8E6AC62A0A17A500A5BA27 /* Resources */ = {
			isa = PBXResourcesBuildPhase;
			buildActionMask = 2147483647;
			files = (
			);
			runOnlyForDeploymentPostprocessing = 0;
		};
		9A8E6AD02A0A17A500A5BA27 /* Resources */ = {
			isa = PBXResourcesBuildPhase;
			buildActionMask = 2147483647;
			files = (
			);
			runOnlyForDeploymentPostprocessing = 0;
		};
/* End PBXResourcesBuildPhase section */

/* Begin PBXSourcesBuildPhase section */
		9A8E6AB42A0A17A400A5BA27 /* Sources */ = {
			isa = PBXSourcesBuildPhase;
			buildActionMask = 2147483647;
			files = (
				9A6DB3072A0E01E100FD2BAD /* AppDI.swift in Sources */,
				9A6DB3092A0E01F500FD2BAD /* AppEnvironment.swift in Sources */,
				9A8E6ABE2A0A17A400A5BA27 /* ContentView.swift in Sources */,
				9A6DB30B2A0E02A900FD2BAD /* MoviesListDI.swift in Sources */,
				9A8E6ABC2A0A17A400A5BA27 /* MoviesDBApp.swift in Sources */,
			);
			runOnlyForDeploymentPostprocessing = 0;
		};
		9A8E6AC42A0A17A500A5BA27 /* Sources */ = {
			isa = PBXSourcesBuildPhase;
			buildActionMask = 2147483647;
			files = (
				9A8E6ACD2A0A17A500A5BA27 /* MoviesDBTests.swift in Sources */,
			);
			runOnlyForDeploymentPostprocessing = 0;
		};
		9A8E6ACE2A0A17A500A5BA27 /* Sources */ = {
			isa = PBXSourcesBuildPhase;
			buildActionMask = 2147483647;
			files = (
				9A8E6AD92A0A17A600A5BA27 /* MoviesDBUITestsLaunchTests.swift in Sources */,
				9A8E6AD72A0A17A600A5BA27 /* MoviesDBUITests.swift in Sources */,
			);
			runOnlyForDeploymentPostprocessing = 0;
		};
/* End PBXSourcesBuildPhase section */

/* Begin PBXTargetDependency section */
		9A8E6ACA2A0A17A500A5BA27 /* PBXTargetDependency */ = {
			isa = PBXTargetDependency;
			target = 9A8E6AB72A0A17A400A5BA27 /* MoviesDB */;
			targetProxy = 9A8E6AC92A0A17A500A5BA27 /* PBXContainerItemProxy */;
		};
		9A8E6AD42A0A17A500A5BA27 /* PBXTargetDependency */ = {
			isa = PBXTargetDependency;
			target = 9A8E6AB72A0A17A400A5BA27 /* MoviesDB */;
			targetProxy = 9A8E6AD32A0A17A500A5BA27 /* PBXContainerItemProxy */;
		};
/* End PBXTargetDependency section */

/* Begin XCBuildConfiguration section */
		9A8E6ADA2A0A17A600A5BA27 /* Debug */ = {
			isa = XCBuildConfiguration;
			buildSettings = {
				ALWAYS_SEARCH_USER_PATHS = NO;
				CLANG_ANALYZER_NONNULL = YES;
				CLANG_ANALYZER_NUMBER_OBJECT_CONVERSION = YES_AGGRESSIVE;
				CLANG_CXX_LANGUAGE_STANDARD = "gnu++20";
				CLANG_ENABLE_MODULES = YES;
				CLANG_ENABLE_OBJC_ARC = YES;
				CLANG_ENABLE_OBJC_WEAK = YES;
				CLANG_WARN_BLOCK_CAPTURE_AUTORELEASING = YES;
				CLANG_WARN_BOOL_CONVERSION = YES;
				CLANG_WARN_COMMA = YES;
				CLANG_WARN_CONSTANT_CONVERSION = YES;
				CLANG_WARN_DEPRECATED_OBJC_IMPLEMENTATIONS = YES;
				CLANG_WARN_DIRECT_OBJC_ISA_USAGE = YES_ERROR;
				CLANG_WARN_DOCUMENTATION_COMMENTS = YES;
				CLANG_WARN_EMPTY_BODY = YES;
				CLANG_WARN_ENUM_CONVERSION = YES;
				CLANG_WARN_INFINITE_RECURSION = YES;
				CLANG_WARN_INT_CONVERSION = YES;
				CLANG_WARN_NON_LITERAL_NULL_CONVERSION = YES;
				CLANG_WARN_OBJC_IMPLICIT_RETAIN_SELF = YES;
				CLANG_WARN_OBJC_LITERAL_CONVERSION = YES;
				CLANG_WARN_OBJC_ROOT_CLASS = YES_ERROR;
				CLANG_WARN_QUOTED_INCLUDE_IN_FRAMEWORK_HEADER = YES;
				CLANG_WARN_RANGE_LOOP_ANALYSIS = YES;
				CLANG_WARN_STRICT_PROTOTYPES = YES;
				CLANG_WARN_SUSPICIOUS_MOVE = YES;
				CLANG_WARN_UNGUARDED_AVAILABILITY = YES_AGGRESSIVE;
				CLANG_WARN_UNREACHABLE_CODE = YES;
				CLANG_WARN__DUPLICATE_METHOD_MATCH = YES;
				COPY_PHASE_STRIP = NO;
				DEBUG_INFORMATION_FORMAT = dwarf;
				ENABLE_STRICT_OBJC_MSGSEND = YES;
				ENABLE_TESTABILITY = YES;
				GCC_C_LANGUAGE_STANDARD = gnu11;
				GCC_DYNAMIC_NO_PIC = NO;
				GCC_NO_COMMON_BLOCKS = YES;
				GCC_OPTIMIZATION_LEVEL = 0;
				GCC_PREPROCESSOR_DEFINITIONS = (
					"DEBUG=1",
					"$(inherited)",
				);
				GCC_WARN_64_TO_32_BIT_CONVERSION = YES;
				GCC_WARN_ABOUT_RETURN_TYPE = YES_ERROR;
				GCC_WARN_UNDECLARED_SELECTOR = YES;
				GCC_WARN_UNINITIALIZED_AUTOS = YES_AGGRESSIVE;
				GCC_WARN_UNUSED_FUNCTION = YES;
				GCC_WARN_UNUSED_VARIABLE = YES;
				IPHONEOS_DEPLOYMENT_TARGET = 16.2;
				MTL_ENABLE_DEBUG_INFO = INCLUDE_SOURCE;
				MTL_FAST_MATH = YES;
				ONLY_ACTIVE_ARCH = YES;
				SDKROOT = iphoneos;
				SWIFT_ACTIVE_COMPILATION_CONDITIONS = DEBUG;
				SWIFT_OPTIMIZATION_LEVEL = "-Onone";
			};
			name = Debug;
		};
		9A8E6ADB2A0A17A600A5BA27 /* Release */ = {
			isa = XCBuildConfiguration;
			buildSettings = {
				ALWAYS_SEARCH_USER_PATHS = NO;
				CLANG_ANALYZER_NONNULL = YES;
				CLANG_ANALYZER_NUMBER_OBJECT_CONVERSION = YES_AGGRESSIVE;
				CLANG_CXX_LANGUAGE_STANDARD = "gnu++20";
				CLANG_ENABLE_MODULES = YES;
				CLANG_ENABLE_OBJC_ARC = YES;
				CLANG_ENABLE_OBJC_WEAK = YES;
				CLANG_WARN_BLOCK_CAPTURE_AUTORELEASING = YES;
				CLANG_WARN_BOOL_CONVERSION = YES;
				CLANG_WARN_COMMA = YES;
				CLANG_WARN_CONSTANT_CONVERSION = YES;
				CLANG_WARN_DEPRECATED_OBJC_IMPLEMENTATIONS = YES;
				CLANG_WARN_DIRECT_OBJC_ISA_USAGE = YES_ERROR;
				CLANG_WARN_DOCUMENTATION_COMMENTS = YES;
				CLANG_WARN_EMPTY_BODY = YES;
				CLANG_WARN_ENUM_CONVERSION = YES;
				CLANG_WARN_INFINITE_RECURSION = YES;
				CLANG_WARN_INT_CONVERSION = YES;
				CLANG_WARN_NON_LITERAL_NULL_CONVERSION = YES;
				CLANG_WARN_OBJC_IMPLICIT_RETAIN_SELF = YES;
				CLANG_WARN_OBJC_LITERAL_CONVERSION = YES;
				CLANG_WARN_OBJC_ROOT_CLASS = YES_ERROR;
				CLANG_WARN_QUOTED_INCLUDE_IN_FRAMEWORK_HEADER = YES;
				CLANG_WARN_RANGE_LOOP_ANALYSIS = YES;
				CLANG_WARN_STRICT_PROTOTYPES = YES;
				CLANG_WARN_SUSPICIOUS_MOVE = YES;
				CLANG_WARN_UNGUARDED_AVAILABILITY = YES_AGGRESSIVE;
				CLANG_WARN_UNREACHABLE_CODE = YES;
				CLANG_WARN__DUPLICATE_METHOD_MATCH = YES;
				COPY_PHASE_STRIP = NO;
				DEBUG_INFORMATION_FORMAT = "dwarf-with-dsym";
				ENABLE_NS_ASSERTIONS = NO;
				ENABLE_STRICT_OBJC_MSGSEND = YES;
				GCC_C_LANGUAGE_STANDARD = gnu11;
				GCC_NO_COMMON_BLOCKS = YES;
				GCC_WARN_64_TO_32_BIT_CONVERSION = YES;
				GCC_WARN_ABOUT_RETURN_TYPE = YES_ERROR;
				GCC_WARN_UNDECLARED_SELECTOR = YES;
				GCC_WARN_UNINITIALIZED_AUTOS = YES_AGGRESSIVE;
				GCC_WARN_UNUSED_FUNCTION = YES;
				GCC_WARN_UNUSED_VARIABLE = YES;
				IPHONEOS_DEPLOYMENT_TARGET = 16.2;
				MTL_ENABLE_DEBUG_INFO = NO;
				MTL_FAST_MATH = YES;
				SDKROOT = iphoneos;
				SWIFT_COMPILATION_MODE = wholemodule;
				SWIFT_OPTIMIZATION_LEVEL = "-O";
				VALIDATE_PRODUCT = YES;
			};
			name = Release;
		};
		9A8E6ADD2A0A17A600A5BA27 /* Debug */ = {
			isa = XCBuildConfiguration;
			buildSettings = {
				ASSETCATALOG_COMPILER_APPICON_NAME = AppIcon;
				ASSETCATALOG_COMPILER_GLOBAL_ACCENT_COLOR_NAME = AccentColor;
				CODE_SIGN_STYLE = Automatic;
				CURRENT_PROJECT_VERSION = 1;
				DEVELOPMENT_ASSET_PATHS = "\"MoviesDB/Resources/Preview Content\"";
				DEVELOPMENT_TEAM = QCBY87LF55;
				ENABLE_PREVIEWS = YES;
				GENERATE_INFOPLIST_FILE = YES;
				INFOPLIST_FILE = MoviesDB/AppFiles/Info.plist;
				INFOPLIST_KEY_UIApplicationSupportsIndirectInputEvents = YES;
				INFOPLIST_KEY_UILaunchScreen_Generation = YES;
				INFOPLIST_KEY_UISupportedInterfaceOrientations_iPad = "UIInterfaceOrientationPortrait UIInterfaceOrientationPortraitUpsideDown UIInterfaceOrientationLandscapeLeft UIInterfaceOrientationLandscapeRight";
				INFOPLIST_KEY_UISupportedInterfaceOrientations_iPhone = "UIInterfaceOrientationPortrait UIInterfaceOrientationLandscapeLeft UIInterfaceOrientationLandscapeRight";
				LD_RUNPATH_SEARCH_PATHS = (
					"$(inherited)",
					"@executable_path/Frameworks",
				);
				MARKETING_VERSION = 1.0;
				PRODUCT_BUNDLE_IDENTIFIER = com.abdelaty.MoviesDB;
				PRODUCT_NAME = "$(TARGET_NAME)";
				SWIFT_EMIT_LOC_STRINGS = YES;
				SWIFT_VERSION = 5.0;
				TARGETED_DEVICE_FAMILY = "1,2";
			};
			name = Debug;
		};
		9A8E6ADE2A0A17A600A5BA27 /* Release */ = {
			isa = XCBuildConfiguration;
			buildSettings = {
				ASSETCATALOG_COMPILER_APPICON_NAME = AppIcon;
				ASSETCATALOG_COMPILER_GLOBAL_ACCENT_COLOR_NAME = AccentColor;
				CODE_SIGN_STYLE = Automatic;
				CURRENT_PROJECT_VERSION = 1;
				DEVELOPMENT_ASSET_PATHS = "\"MoviesDB/Resources/Preview Content\"";
				DEVELOPMENT_TEAM = QCBY87LF55;
				ENABLE_PREVIEWS = YES;
				GENERATE_INFOPLIST_FILE = YES;
				INFOPLIST_FILE = MoviesDB/AppFiles/Info.plist;
				INFOPLIST_KEY_UIApplicationSupportsIndirectInputEvents = YES;
				INFOPLIST_KEY_UILaunchScreen_Generation = YES;
				INFOPLIST_KEY_UISupportedInterfaceOrientations_iPad = "UIInterfaceOrientationPortrait UIInterfaceOrientationPortraitUpsideDown UIInterfaceOrientationLandscapeLeft UIInterfaceOrientationLandscapeRight";
				INFOPLIST_KEY_UISupportedInterfaceOrientations_iPhone = "UIInterfaceOrientationPortrait UIInterfaceOrientationLandscapeLeft UIInterfaceOrientationLandscapeRight";
				LD_RUNPATH_SEARCH_PATHS = (
					"$(inherited)",
					"@executable_path/Frameworks",
				);
				MARKETING_VERSION = 1.0;
				PRODUCT_BUNDLE_IDENTIFIER = com.abdelaty.MoviesDB;
				PRODUCT_NAME = "$(TARGET_NAME)";
				SWIFT_EMIT_LOC_STRINGS = YES;
				SWIFT_VERSION = 5.0;
				TARGETED_DEVICE_FAMILY = "1,2";
			};
			name = Release;
		};
		9A8E6AE02A0A17A600A5BA27 /* Debug */ = {
			isa = XCBuildConfiguration;
			buildSettings = {
				ALWAYS_EMBED_SWIFT_STANDARD_LIBRARIES = YES;
				BUNDLE_LOADER = "$(TEST_HOST)";
				CODE_SIGN_STYLE = Automatic;
				CURRENT_PROJECT_VERSION = 1;
				DEVELOPMENT_TEAM = QCBY87LF55;
				GENERATE_INFOPLIST_FILE = YES;
				IPHONEOS_DEPLOYMENT_TARGET = 16.2;
				MARKETING_VERSION = 1.0;
				PRODUCT_BUNDLE_IDENTIFIER = com.abdelaty.MoviesDBTests;
				PRODUCT_NAME = "$(TARGET_NAME)";
				SWIFT_EMIT_LOC_STRINGS = NO;
				SWIFT_VERSION = 5.0;
				TARGETED_DEVICE_FAMILY = "1,2";
				TEST_HOST = "$(BUILT_PRODUCTS_DIR)/MoviesDB.app/$(BUNDLE_EXECUTABLE_FOLDER_PATH)/MoviesDB";
			};
			name = Debug;
		};
		9A8E6AE12A0A17A600A5BA27 /* Release */ = {
			isa = XCBuildConfiguration;
			buildSettings = {
				ALWAYS_EMBED_SWIFT_STANDARD_LIBRARIES = YES;
				BUNDLE_LOADER = "$(TEST_HOST)";
				CODE_SIGN_STYLE = Automatic;
				CURRENT_PROJECT_VERSION = 1;
				DEVELOPMENT_TEAM = QCBY87LF55;
				GENERATE_INFOPLIST_FILE = YES;
				IPHONEOS_DEPLOYMENT_TARGET = 16.2;
				MARKETING_VERSION = 1.0;
				PRODUCT_BUNDLE_IDENTIFIER = com.abdelaty.MoviesDBTests;
				PRODUCT_NAME = "$(TARGET_NAME)";
				SWIFT_EMIT_LOC_STRINGS = NO;
				SWIFT_VERSION = 5.0;
				TARGETED_DEVICE_FAMILY = "1,2";
				TEST_HOST = "$(BUILT_PRODUCTS_DIR)/MoviesDB.app/$(BUNDLE_EXECUTABLE_FOLDER_PATH)/MoviesDB";
			};
			name = Release;
		};
		9A8E6AE32A0A17A600A5BA27 /* Debug */ = {
			isa = XCBuildConfiguration;
			buildSettings = {
				ALWAYS_EMBED_SWIFT_STANDARD_LIBRARIES = YES;
				CODE_SIGN_STYLE = Automatic;
				CURRENT_PROJECT_VERSION = 1;
				DEVELOPMENT_TEAM = QCBY87LF55;
				GENERATE_INFOPLIST_FILE = YES;
				MARKETING_VERSION = 1.0;
				PRODUCT_BUNDLE_IDENTIFIER = com.abdelaty.MoviesDBUITests;
				PRODUCT_NAME = "$(TARGET_NAME)";
				SWIFT_EMIT_LOC_STRINGS = NO;
				SWIFT_VERSION = 5.0;
				TARGETED_DEVICE_FAMILY = "1,2";
				TEST_TARGET_NAME = MoviesDB;
			};
			name = Debug;
		};
		9A8E6AE42A0A17A600A5BA27 /* Release */ = {
			isa = XCBuildConfiguration;
			buildSettings = {
				ALWAYS_EMBED_SWIFT_STANDARD_LIBRARIES = YES;
				CODE_SIGN_STYLE = Automatic;
				CURRENT_PROJECT_VERSION = 1;
				DEVELOPMENT_TEAM = QCBY87LF55;
				GENERATE_INFOPLIST_FILE = YES;
				MARKETING_VERSION = 1.0;
				PRODUCT_BUNDLE_IDENTIFIER = com.abdelaty.MoviesDBUITests;
				PRODUCT_NAME = "$(TARGET_NAME)";
				SWIFT_EMIT_LOC_STRINGS = NO;
				SWIFT_VERSION = 5.0;
				TARGETED_DEVICE_FAMILY = "1,2";
				TEST_TARGET_NAME = MoviesDB;
			};
			name = Release;
		};
/* End XCBuildConfiguration section */

/* Begin XCConfigurationList section */
		9A8E6AB32A0A17A400A5BA27 /* Build configuration list for PBXProject "MoviesDB" */ = {
			isa = XCConfigurationList;
			buildConfigurations = (
				9A8E6ADA2A0A17A600A5BA27 /* Debug */,
				9A8E6ADB2A0A17A600A5BA27 /* Release */,
			);
			defaultConfigurationIsVisible = 0;
			defaultConfigurationName = Release;
		};
		9A8E6ADC2A0A17A600A5BA27 /* Build configuration list for PBXNativeTarget "MoviesDB" */ = {
			isa = XCConfigurationList;
			buildConfigurations = (
				9A8E6ADD2A0A17A600A5BA27 /* Debug */,
				9A8E6ADE2A0A17A600A5BA27 /* Release */,
			);
			defaultConfigurationIsVisible = 0;
			defaultConfigurationName = Release;
		};
		9A8E6ADF2A0A17A600A5BA27 /* Build configuration list for PBXNativeTarget "MoviesDBTests" */ = {
			isa = XCConfigurationList;
			buildConfigurations = (
				9A8E6AE02A0A17A600A5BA27 /* Debug */,
				9A8E6AE12A0A17A600A5BA27 /* Release */,
			);
			defaultConfigurationIsVisible = 0;
			defaultConfigurationName = Release;
		};
		9A8E6AE22A0A17A600A5BA27 /* Build configuration list for PBXNativeTarget "MoviesDBUITests" */ = {
			isa = XCConfigurationList;
			buildConfigurations = (
				9A8E6AE32A0A17A600A5BA27 /* Debug */,
				9A8E6AE42A0A17A600A5BA27 /* Release */,
			);
			defaultConfigurationIsVisible = 0;
			defaultConfigurationName = Release;
		};
/* End XCConfigurationList section */

/* Begin XCSwiftPackageProductDependency section */
		9A6DB30D2A0E047A00FD2BAD /* MoviesDBData */ = {
			isa = XCSwiftPackageProductDependency;
			productName = MoviesDBData;
		};
		9A6DB30F2A0E047A00FD2BAD /* MoviesDBDomain */ = {
			isa = XCSwiftPackageProductDependency;
			productName = MoviesDBDomain;
		};
		9A6DB3112A0E047A00FD2BAD /* MoviesDBPresentation */ = {
			isa = XCSwiftPackageProductDependency;
			productName = MoviesDBPresentation;
		};
/* End XCSwiftPackageProductDependency section */
	};
	rootObject = 9A8E6AB02A0A17A400A5BA27 /* Project object */;
}
